<?xml version="1.0" encoding="utf-8"?>
<Project ToolsVersion="4.0" xmlns="http://schemas.microsoft.com/developer/msbuild/2003">
  <ItemGroup>
    <ClCompile Include="..\..\..\..\..\Downloads\of_v0.10.1_vs2017_release\of_v0.10.1_vs2017_release\addons\ofxLibwebsockets\libs\ofxLibwebsockets\src\Client.cpp">
      <Filter>addons\ofxLibwebsockets\libs\ofxLibwebsockets\src</Filter>
    </ClCompile>
    <ClCompile Include="..\..\..\..\..\Downloads\of_v0.10.1_vs2017_release\of_v0.10.1_vs2017_release\addons\ofxLibwebsockets\libs\ofxLibwebsockets\src\Connection.cpp">
      <Filter>addons\ofxLibwebsockets\libs\ofxLibwebsockets\src</Filter>
    </ClCompile>
    <ClCompile Include="..\..\..\..\..\Downloads\of_v0.10.1_vs2017_release\of_v0.10.1_vs2017_release\addons\ofxLibwebsockets\libs\ofxLibwebsockets\src\Events.cpp">
      <Filter>addons\ofxLibwebsockets\libs\ofxLibwebsockets\src</Filter>
    </ClCompile>
    <ClCompile Include="..\..\..\..\..\Downloads\of_v0.10.1_vs2017_release\of_v0.10.1_vs2017_release\addons\ofxLibwebsockets\libs\ofxLibwebsockets\src\Protocol.cpp">
      <Filter>addons\ofxLibwebsockets\libs\ofxLibwebsockets\src</Filter>
    </ClCompile>
    <ClCompile Include="..\..\..\..\..\Downloads\of_v0.10.1_vs2017_release\of_v0.10.1_vs2017_release\addons\ofxLibwebsockets\libs\ofxLibwebsockets\src\Reactor.cpp">
      <Filter>addons\ofxLibwebsockets\libs\ofxLibwebsockets\src</Filter>
    </ClCompile>
    <ClCompile Include="..\..\..\..\..\Downloads\of_v0.10.1_vs2017_release\of_v0.10.1_vs2017_release\addons\ofxLibwebsockets\libs\ofxLibwebsockets\src\Server.cpp">
      <Filter>addons\ofxLibwebsockets\libs\ofxLibwebsockets\src</Filter>
    </ClCompile>
    <ClCompile Include="..\..\..\..\..\Downloads\of_v0.10.1_vs2017_release\of_v0.10.1_vs2017_release\addons\ofxLibwebsockets\libs\ofxLibwebsockets\src\Util.cpp">
      <Filter>addons\ofxLibwebsockets\libs\ofxLibwebsockets\src</Filter>
    </ClCompile>
    <ClCompile Include="src\server\GameConnection.cpp">
      <Filter>src\server</Filter>
    </ClCompile>
    <ClCompile Include="src\server\GameConnectionManager.cpp">
      <Filter>src\server</Filter>
    </ClCompile>
    <ClCompile Include="src\client\ConnectionListener.cpp">
      <Filter>src\client</Filter>
    </ClCompile>
    <ClCompile Include="src\client\main.cpp">
      <Filter>src\client</Filter>
    </ClCompile>
    <ClCompile Include="src\client\ofApp.cpp">
      <Filter>src\client</Filter>
    </ClCompile>
    <ClCompile Include="src\client\game\GameManager.cpp">
      <Filter>src\client\game</Filter>
    </ClCompile>
    <ClCompile Include="src\client\game\BlackjackGame.cpp">
      <Filter>src\client\game</Filter>
    </ClCompile>
    <ClCompile Include="src\client\game\Deck.cpp">
      <Filter>src\client\game</Filter>
    </ClCompile>
    <ClCompile Include="src\client\game\Player.cpp">
      <Filter>src\client\game</Filter>
    </ClCompile>
    <ClCompile Include="src\client\game\Card.cpp">
      <Filter>src\client\game</Filter>
    </ClCompile>
    <ClCompile Include="src\client\game\utils\TimeUtils.cpp">
      <Filter>src\client\game\utils</Filter>
    </ClCompile>
    <ClCompile Include="src\server\utils\ConnectionUtils.cpp">
      <Filter>src\server\utils</Filter>
    </ClCompile>
    <ClCompile Include="src\client\comm\WsMessage.cpp">
      <Filter>src\client\comm</Filter>
    </ClCompile>
    <ClCompile Include="src\client\game\Dealer.cpp">
      <Filter>src\client\game</Filter>
    </ClCompile>
    <ClCompile Include="src\seasocks\src\app\c\ws_test.cpp">
      <Filter>src\server</Filter>
    </ClCompile>
    <ClCompile Include="src\client\game\Strategy.cpp">
      <Filter>src\client\game</Filter>
    </ClCompile>
    <ClCompile Include="src\test\testMain.cpp">
      <Filter>src\test</Filter>
    </ClCompile>
    <ClCompile Include="src\test\gameTests.cpp">
      <Filter>src\test</Filter>
    </ClCompile>
  </ItemGroup>
  <ItemGroup>
    <Filter Include="src">
      <UniqueIdentifier>{d8376475-7454-4a24-b08a-aac121d3ad6f}</UniqueIdentifier>
    </Filter>
    <Filter Include="addons">
      <UniqueIdentifier>{71834F65-F3A9-211E-73B8-DC85}</UniqueIdentifier>
    </Filter>
    <Filter Include="addons\ofxLibwebsockets">
      <UniqueIdentifier>{04A0ABD3-BEB0-79C1-78DC-1B0C}</UniqueIdentifier>
    </Filter>
    <Filter Include="addons\ofxLibwebsockets\src">
      <UniqueIdentifier>{BD45AF89-23CA-D761-87B2-E28B}</UniqueIdentifier>
    </Filter>
    <Filter Include="addons\ofxLibwebsockets\libs">
      <UniqueIdentifier>{93A2255B-E819-7999-658F-5C8B}</UniqueIdentifier>
    </Filter>
    <Filter Include="addons\ofxLibwebsockets\libs\libwebsockets">
      <UniqueIdentifier>{F5CB4033-7B46-FD26-E6BF-225D}</UniqueIdentifier>
    </Filter>
    <Filter Include="addons\ofxLibwebsockets\libs\libwebsockets\include">
      <UniqueIdentifier>{A9821612-3A92-AF18-4416-E910}</UniqueIdentifier>
    </Filter>
    <Filter Include="addons\ofxLibwebsockets\libs\ofxLibwebsockets">
      <UniqueIdentifier>{246E3DDA-BF78-504E-9BF2-6FA8}</UniqueIdentifier>
    </Filter>
    <Filter Include="addons\ofxLibwebsockets\libs\ofxLibwebsockets\include">
      <UniqueIdentifier>{D876D8D2-B863-D307-0F4A-F791}</UniqueIdentifier>
    </Filter>
    <Filter Include="addons\ofxLibwebsockets\libs\ofxLibwebsockets\include\ofxLibwebsockets">
      <UniqueIdentifier>{A5834E6F-4120-53E7-CD52-711C}</UniqueIdentifier>
    </Filter>
    <Filter Include="addons\ofxLibwebsockets\libs\ofxLibwebsockets\src">
      <UniqueIdentifier>{D616296F-164E-00EF-4F39-D224}</UniqueIdentifier>
    </Filter>
    <Filter Include="addons\ofxLibwebsockets\libs\openssl">
      <UniqueIdentifier>{A301641F-B041-8B9F-B9AC-C815}</UniqueIdentifier>
    </Filter>
    <Filter Include="addons\ofxLibwebsockets\libs\openssl\include">
      <UniqueIdentifier>{037AAB95-9DEF-B7CC-3AC6-55F1}</UniqueIdentifier>
    </Filter>
    <Filter Include="addons\ofxLibwebsockets\libs\openssl\include\openssl">
      <UniqueIdentifier>{C3694B6E-D2BB-EDB4-C834-BD6F}</UniqueIdentifier>
    </Filter>
    <Filter Include="src\server">
      <UniqueIdentifier>{792cfa6f-3936-42af-8d2a-89d795e2c40c}</UniqueIdentifier>
    </Filter>
    <Filter Include="src\client">
      <UniqueIdentifier>{81217d46-ee6d-4eec-ab15-e55323bffaf1}</UniqueIdentifier>
    </Filter>
    <Filter Include="src\client\game">
      <UniqueIdentifier>{d1800493-d1a9-408e-bc57-49daf32ec775}</UniqueIdentifier>
    </Filter>
    <Filter Include="src\client\game\utils">
      <UniqueIdentifier>{4f19c94d-0091-443a-9ae2-bf0c49b9de1d}</UniqueIdentifier>
    </Filter>
    <Filter Include="src\server\utils">
      <UniqueIdentifier>{1182ab68-46c3-45bd-a358-02ab0ce5d03a}</UniqueIdentifier>
    </Filter>
    <Filter Include="src\client\comm">
      <UniqueIdentifier>{1c91950d-daef-4a90-96b5-24eaa437ed03}</UniqueIdentifier>
    </Filter>
    <Filter Include="src\server\frontend">
      <UniqueIdentifier>{253ca8bc-2a02-494f-9a8a-d6654c6e399f}</UniqueIdentifier>
    </Filter>
    <Filter Include="src\test">
      <UniqueIdentifier>{23e431a7-a2b5-4e07-9f25-f2cb2ceca4bc}</UniqueIdentifier>
    </Filter>
  </ItemGroup>
  <ItemGroup>
    <ClInclude Include="..\..\..\..\..\Downloads\of_v0.10.1_vs2017_release\of_v0.10.1_vs2017_release\addons\ofxLibwebsockets\src\ofxLibwebsockets.h">
      <Filter>addons\ofxLibwebsockets\src</Filter>
    </ClInclude>
    <ClInclude Include="..\..\..\..\..\Downloads\of_v0.10.1_vs2017_release\of_v0.10.1_vs2017_release\addons\ofxLibwebsockets\libs\libwebsockets\include\libwebsockets.h">
      <Filter>addons\ofxLibwebsockets\libs\libwebsockets\include</Filter>
    </ClInclude>
    <ClInclude Include="..\..\..\..\..\Downloads\of_v0.10.1_vs2017_release\of_v0.10.1_vs2017_release\addons\ofxLibwebsockets\libs\libwebsockets\include\lws_config.h">
      <Filter>addons\ofxLibwebsockets\libs\libwebsockets\include</Filter>
    </ClInclude>
    <ClInclude Include="..\..\..\..\..\Downloads\of_v0.10.1_vs2017_release\of_v0.10.1_vs2017_release\addons\ofxLibwebsockets\libs\ofxLibwebsockets\include\ofxLibwebsockets\Client.h">
      <Filter>addons\ofxLibwebsockets\libs\ofxLibwebsockets\include\ofxLibwebsockets</Filter>
    </ClInclude>
    <ClInclude Include="..\..\..\..\..\Downloads\of_v0.10.1_vs2017_release\of_v0.10.1_vs2017_release\addons\ofxLibwebsockets\libs\ofxLibwebsockets\include\ofxLibwebsockets\Connection.h">
      <Filter>addons\ofxLibwebsockets\libs\ofxLibwebsockets\include\ofxLibwebsockets</Filter>
    </ClInclude>
    <ClInclude Include="..\..\..\..\..\Downloads\of_v0.10.1_vs2017_release\of_v0.10.1_vs2017_release\addons\ofxLibwebsockets\libs\ofxLibwebsockets\include\ofxLibwebsockets\Events.h">
      <Filter>addons\ofxLibwebsockets\libs\ofxLibwebsockets\include\ofxLibwebsockets</Filter>
    </ClInclude>
    <ClInclude Include="..\..\..\..\..\Downloads\of_v0.10.1_vs2017_release\of_v0.10.1_vs2017_release\addons\ofxLibwebsockets\libs\ofxLibwebsockets\include\ofxLibwebsockets\Protocol.h">
      <Filter>addons\ofxLibwebsockets\libs\ofxLibwebsockets\include\ofxLibwebsockets</Filter>
    </ClInclude>
    <ClInclude Include="..\..\..\..\..\Downloads\of_v0.10.1_vs2017_release\of_v0.10.1_vs2017_release\addons\ofxLibwebsockets\libs\ofxLibwebsockets\include\ofxLibwebsockets\Reactor.h">
      <Filter>addons\ofxLibwebsockets\libs\ofxLibwebsockets\include\ofxLibwebsockets</Filter>
    </ClInclude>
    <ClInclude Include="..\..\..\..\..\Downloads\of_v0.10.1_vs2017_release\of_v0.10.1_vs2017_release\addons\ofxLibwebsockets\libs\ofxLibwebsockets\include\ofxLibwebsockets\Server.h">
      <Filter>addons\ofxLibwebsockets\libs\ofxLibwebsockets\include\ofxLibwebsockets</Filter>
    </ClInclude>
    <ClInclude Include="..\..\..\..\..\Downloads\of_v0.10.1_vs2017_release\of_v0.10.1_vs2017_release\addons\ofxLibwebsockets\libs\ofxLibwebsockets\include\ofxLibwebsockets\Util.h">
      <Filter>addons\ofxLibwebsockets\libs\ofxLibwebsockets\include\ofxLibwebsockets</Filter>
    </ClInclude>
    <ClInclude Include="..\..\..\..\..\Downloads\of_v0.10.1_vs2017_release\of_v0.10.1_vs2017_release\addons\ofxLibwebsockets\libs\openssl\include\openssl\aes.h">
      <Filter>addons\ofxLibwebsockets\libs\openssl\include\openssl</Filter>
    </ClInclude>
    <ClInclude Include="..\..\..\..\..\Downloads\of_v0.10.1_vs2017_release\of_v0.10.1_vs2017_release\addons\ofxLibwebsockets\libs\openssl\include\openssl\asn1.h">
      <Filter>addons\ofxLibwebsockets\libs\openssl\include\openssl</Filter>
    </ClInclude>
    <ClInclude Include="..\..\..\..\..\Downloads\of_v0.10.1_vs2017_release\of_v0.10.1_vs2017_release\addons\ofxLibwebsockets\libs\openssl\include\openssl\asn1t.h">
      <Filter>addons\ofxLibwebsockets\libs\openssl\include\openssl</Filter>
    </ClInclude>
    <ClInclude Include="..\..\..\..\..\Downloads\of_v0.10.1_vs2017_release\of_v0.10.1_vs2017_release\addons\ofxLibwebsockets\libs\openssl\include\openssl\asn1_mac.h">
      <Filter>addons\ofxLibwebsockets\libs\openssl\include\openssl</Filter>
    </ClInclude>
    <ClInclude Include="..\..\..\..\..\Downloads\of_v0.10.1_vs2017_release\of_v0.10.1_vs2017_release\addons\ofxLibwebsockets\libs\openssl\include\openssl\bio.h">
      <Filter>addons\ofxLibwebsockets\libs\openssl\include\openssl</Filter>
    </ClInclude>
    <ClInclude Include="..\..\..\..\..\Downloads\of_v0.10.1_vs2017_release\of_v0.10.1_vs2017_release\addons\ofxLibwebsockets\libs\openssl\include\openssl\blowfish.h">
      <Filter>addons\ofxLibwebsockets\libs\openssl\include\openssl</Filter>
    </ClInclude>
    <ClInclude Include="..\..\..\..\..\Downloads\of_v0.10.1_vs2017_release\of_v0.10.1_vs2017_release\addons\ofxLibwebsockets\libs\openssl\include\openssl\bn.h">
      <Filter>addons\ofxLibwebsockets\libs\openssl\include\openssl</Filter>
    </ClInclude>
    <ClInclude Include="..\..\..\..\..\Downloads\of_v0.10.1_vs2017_release\of_v0.10.1_vs2017_release\addons\ofxLibwebsockets\libs\openssl\include\openssl\buffer.h">
      <Filter>addons\ofxLibwebsockets\libs\openssl\include\openssl</Filter>
    </ClInclude>
    <ClInclude Include="..\..\..\..\..\Downloads\of_v0.10.1_vs2017_release\of_v0.10.1_vs2017_release\addons\ofxLibwebsockets\libs\openssl\include\openssl\camellia.h">
      <Filter>addons\ofxLibwebsockets\libs\openssl\include\openssl</Filter>
    </ClInclude>
    <ClInclude Include="..\..\..\..\..\Downloads\of_v0.10.1_vs2017_release\of_v0.10.1_vs2017_release\addons\ofxLibwebsockets\libs\openssl\include\openssl\cast.h">
      <Filter>addons\ofxLibwebsockets\libs\openssl\include\openssl</Filter>
    </ClInclude>
    <ClInclude Include="..\..\..\..\..\Downloads\of_v0.10.1_vs2017_release\of_v0.10.1_vs2017_release\addons\ofxLibwebsockets\libs\openssl\include\openssl\cmac.h">
      <Filter>addons\ofxLibwebsockets\libs\openssl\include\openssl</Filter>
    </ClInclude>
    <ClInclude Include="..\..\..\..\..\Downloads\of_v0.10.1_vs2017_release\of_v0.10.1_vs2017_release\addons\ofxLibwebsockets\libs\openssl\include\openssl\cms.h">
      <Filter>addons\ofxLibwebsockets\libs\openssl\include\openssl</Filter>
    </ClInclude>
    <ClInclude Include="..\..\..\..\..\Downloads\of_v0.10.1_vs2017_release\of_v0.10.1_vs2017_release\addons\ofxLibwebsockets\libs\openssl\include\openssl\comp.h">
      <Filter>addons\ofxLibwebsockets\libs\openssl\include\openssl</Filter>
    </ClInclude>
    <ClInclude Include="..\..\..\..\..\Downloads\of_v0.10.1_vs2017_release\of_v0.10.1_vs2017_release\addons\ofxLibwebsockets\libs\openssl\include\openssl\conf.h">
      <Filter>addons\ofxLibwebsockets\libs\openssl\include\openssl</Filter>
    </ClInclude>
    <ClInclude Include="..\..\..\..\..\Downloads\of_v0.10.1_vs2017_release\of_v0.10.1_vs2017_release\addons\ofxLibwebsockets\libs\openssl\include\openssl\conf_api.h">
      <Filter>addons\ofxLibwebsockets\libs\openssl\include\openssl</Filter>
    </ClInclude>
    <ClInclude Include="..\..\..\..\..\Downloads\of_v0.10.1_vs2017_release\of_v0.10.1_vs2017_release\addons\ofxLibwebsockets\libs\openssl\include\openssl\crypto.h">
      <Filter>addons\ofxLibwebsockets\libs\openssl\include\openssl</Filter>
    </ClInclude>
    <ClInclude Include="..\..\..\..\..\Downloads\of_v0.10.1_vs2017_release\of_v0.10.1_vs2017_release\addons\ofxLibwebsockets\libs\openssl\include\openssl\des.h">
      <Filter>addons\ofxLibwebsockets\libs\openssl\include\openssl</Filter>
    </ClInclude>
    <ClInclude Include="..\..\..\..\..\Downloads\of_v0.10.1_vs2017_release\of_v0.10.1_vs2017_release\addons\ofxLibwebsockets\libs\openssl\include\openssl\des_old.h">
      <Filter>addons\ofxLibwebsockets\libs\openssl\include\openssl</Filter>
    </ClInclude>
    <ClInclude Include="..\..\..\..\..\Downloads\of_v0.10.1_vs2017_release\of_v0.10.1_vs2017_release\addons\ofxLibwebsockets\libs\openssl\include\openssl\dh.h">
      <Filter>addons\ofxLibwebsockets\libs\openssl\include\openssl</Filter>
    </ClInclude>
    <ClInclude Include="..\..\..\..\..\Downloads\of_v0.10.1_vs2017_release\of_v0.10.1_vs2017_release\addons\ofxLibwebsockets\libs\openssl\include\openssl\dsa.h">
      <Filter>addons\ofxLibwebsockets\libs\openssl\include\openssl</Filter>
    </ClInclude>
    <ClInclude Include="..\..\..\..\..\Downloads\of_v0.10.1_vs2017_release\of_v0.10.1_vs2017_release\addons\ofxLibwebsockets\libs\openssl\include\openssl\dso.h">
      <Filter>addons\ofxLibwebsockets\libs\openssl\include\openssl</Filter>
    </ClInclude>
    <ClInclude Include="..\..\..\..\..\Downloads\of_v0.10.1_vs2017_release\of_v0.10.1_vs2017_release\addons\ofxLibwebsockets\libs\openssl\include\openssl\dtls1.h">
      <Filter>addons\ofxLibwebsockets\libs\openssl\include\openssl</Filter>
    </ClInclude>
    <ClInclude Include="..\..\..\..\..\Downloads\of_v0.10.1_vs2017_release\of_v0.10.1_vs2017_release\addons\ofxLibwebsockets\libs\openssl\include\openssl\ebcdic.h">
      <Filter>addons\ofxLibwebsockets\libs\openssl\include\openssl</Filter>
    </ClInclude>
    <ClInclude Include="..\..\..\..\..\Downloads\of_v0.10.1_vs2017_release\of_v0.10.1_vs2017_release\addons\ofxLibwebsockets\libs\openssl\include\openssl\ec.h">
      <Filter>addons\ofxLibwebsockets\libs\openssl\include\openssl</Filter>
    </ClInclude>
    <ClInclude Include="..\..\..\..\..\Downloads\of_v0.10.1_vs2017_release\of_v0.10.1_vs2017_release\addons\ofxLibwebsockets\libs\openssl\include\openssl\ecdh.h">
      <Filter>addons\ofxLibwebsockets\libs\openssl\include\openssl</Filter>
    </ClInclude>
    <ClInclude Include="..\..\..\..\..\Downloads\of_v0.10.1_vs2017_release\of_v0.10.1_vs2017_release\addons\ofxLibwebsockets\libs\openssl\include\openssl\ecdsa.h">
      <Filter>addons\ofxLibwebsockets\libs\openssl\include\openssl</Filter>
    </ClInclude>
    <ClInclude Include="..\..\..\..\..\Downloads\of_v0.10.1_vs2017_release\of_v0.10.1_vs2017_release\addons\ofxLibwebsockets\libs\openssl\include\openssl\engine.h">
      <Filter>addons\ofxLibwebsockets\libs\openssl\include\openssl</Filter>
    </ClInclude>
    <ClInclude Include="..\..\..\..\..\Downloads\of_v0.10.1_vs2017_release\of_v0.10.1_vs2017_release\addons\ofxLibwebsockets\libs\openssl\include\openssl\err.h">
      <Filter>addons\ofxLibwebsockets\libs\openssl\include\openssl</Filter>
    </ClInclude>
    <ClInclude Include="..\..\..\..\..\Downloads\of_v0.10.1_vs2017_release\of_v0.10.1_vs2017_release\addons\ofxLibwebsockets\libs\openssl\include\openssl\evp.h">
      <Filter>addons\ofxLibwebsockets\libs\openssl\include\openssl</Filter>
    </ClInclude>
    <ClInclude Include="..\..\..\..\..\Downloads\of_v0.10.1_vs2017_release\of_v0.10.1_vs2017_release\addons\ofxLibwebsockets\libs\openssl\include\openssl\e_os2.h">
      <Filter>addons\ofxLibwebsockets\libs\openssl\include\openssl</Filter>
    </ClInclude>
    <ClInclude Include="..\..\..\..\..\Downloads\of_v0.10.1_vs2017_release\of_v0.10.1_vs2017_release\addons\ofxLibwebsockets\libs\openssl\include\openssl\hmac.h">
      <Filter>addons\ofxLibwebsockets\libs\openssl\include\openssl</Filter>
    </ClInclude>
    <ClInclude Include="..\..\..\..\..\Downloads\of_v0.10.1_vs2017_release\of_v0.10.1_vs2017_release\addons\ofxLibwebsockets\libs\openssl\include\openssl\idea.h">
      <Filter>addons\ofxLibwebsockets\libs\openssl\include\openssl</Filter>
    </ClInclude>
    <ClInclude Include="..\..\..\..\..\Downloads\of_v0.10.1_vs2017_release\of_v0.10.1_vs2017_release\addons\ofxLibwebsockets\libs\openssl\include\openssl\krb5_asn.h">
      <Filter>addons\ofxLibwebsockets\libs\openssl\include\openssl</Filter>
    </ClInclude>
    <ClInclude Include="..\..\..\..\..\Downloads\of_v0.10.1_vs2017_release\of_v0.10.1_vs2017_release\addons\ofxLibwebsockets\libs\openssl\include\openssl\kssl.h">
      <Filter>addons\ofxLibwebsockets\libs\openssl\include\openssl</Filter>
    </ClInclude>
    <ClInclude Include="..\..\..\..\..\Downloads\of_v0.10.1_vs2017_release\of_v0.10.1_vs2017_release\addons\ofxLibwebsockets\libs\openssl\include\openssl\lhash.h">
      <Filter>addons\ofxLibwebsockets\libs\openssl\include\openssl</Filter>
    </ClInclude>
    <ClInclude Include="..\..\..\..\..\Downloads\of_v0.10.1_vs2017_release\of_v0.10.1_vs2017_release\addons\ofxLibwebsockets\libs\openssl\include\openssl\md4.h">
      <Filter>addons\ofxLibwebsockets\libs\openssl\include\openssl</Filter>
    </ClInclude>
    <ClInclude Include="..\..\..\..\..\Downloads\of_v0.10.1_vs2017_release\of_v0.10.1_vs2017_release\addons\ofxLibwebsockets\libs\openssl\include\openssl\md5.h">
      <Filter>addons\ofxLibwebsockets\libs\openssl\include\openssl</Filter>
    </ClInclude>
    <ClInclude Include="..\..\..\..\..\Downloads\of_v0.10.1_vs2017_release\of_v0.10.1_vs2017_release\addons\ofxLibwebsockets\libs\openssl\include\openssl\mdc2.h">
      <Filter>addons\ofxLibwebsockets\libs\openssl\include\openssl</Filter>
    </ClInclude>
    <ClInclude Include="..\..\..\..\..\Downloads\of_v0.10.1_vs2017_release\of_v0.10.1_vs2017_release\addons\ofxLibwebsockets\libs\openssl\include\openssl\modes.h">
      <Filter>addons\ofxLibwebsockets\libs\openssl\include\openssl</Filter>
    </ClInclude>
    <ClInclude Include="..\..\..\..\..\Downloads\of_v0.10.1_vs2017_release\of_v0.10.1_vs2017_release\addons\ofxLibwebsockets\libs\openssl\include\openssl\objects.h">
      <Filter>addons\ofxLibwebsockets\libs\openssl\include\openssl</Filter>
    </ClInclude>
    <ClInclude Include="..\..\..\..\..\Downloads\of_v0.10.1_vs2017_release\of_v0.10.1_vs2017_release\addons\ofxLibwebsockets\libs\openssl\include\openssl\obj_mac.h">
      <Filter>addons\ofxLibwebsockets\libs\openssl\include\openssl</Filter>
    </ClInclude>
    <ClInclude Include="..\..\..\..\..\Downloads\of_v0.10.1_vs2017_release\of_v0.10.1_vs2017_release\addons\ofxLibwebsockets\libs\openssl\include\openssl\ocsp.h">
      <Filter>addons\ofxLibwebsockets\libs\openssl\include\openssl</Filter>
    </ClInclude>
    <ClInclude Include="..\..\..\..\..\Downloads\of_v0.10.1_vs2017_release\of_v0.10.1_vs2017_release\addons\ofxLibwebsockets\libs\openssl\include\openssl\opensslconf.h">
      <Filter>addons\ofxLibwebsockets\libs\openssl\include\openssl</Filter>
    </ClInclude>
    <ClInclude Include="..\..\..\..\..\Downloads\of_v0.10.1_vs2017_release\of_v0.10.1_vs2017_release\addons\ofxLibwebsockets\libs\openssl\include\openssl\opensslv.h">
      <Filter>addons\ofxLibwebsockets\libs\openssl\include\openssl</Filter>
    </ClInclude>
    <ClInclude Include="..\..\..\..\..\Downloads\of_v0.10.1_vs2017_release\of_v0.10.1_vs2017_release\addons\ofxLibwebsockets\libs\openssl\include\openssl\ossl_typ.h">
      <Filter>addons\ofxLibwebsockets\libs\openssl\include\openssl</Filter>
    </ClInclude>
    <ClInclude Include="..\..\..\..\..\Downloads\of_v0.10.1_vs2017_release\of_v0.10.1_vs2017_release\addons\ofxLibwebsockets\libs\openssl\include\openssl\pem.h">
      <Filter>addons\ofxLibwebsockets\libs\openssl\include\openssl</Filter>
    </ClInclude>
    <ClInclude Include="..\..\..\..\..\Downloads\of_v0.10.1_vs2017_release\of_v0.10.1_vs2017_release\addons\ofxLibwebsockets\libs\openssl\include\openssl\pem2.h">
      <Filter>addons\ofxLibwebsockets\libs\openssl\include\openssl</Filter>
    </ClInclude>
    <ClInclude Include="..\..\..\..\..\Downloads\of_v0.10.1_vs2017_release\of_v0.10.1_vs2017_release\addons\ofxLibwebsockets\libs\openssl\include\openssl\pkcs12.h">
      <Filter>addons\ofxLibwebsockets\libs\openssl\include\openssl</Filter>
    </ClInclude>
    <ClInclude Include="..\..\..\..\..\Downloads\of_v0.10.1_vs2017_release\of_v0.10.1_vs2017_release\addons\ofxLibwebsockets\libs\openssl\include\openssl\pkcs7.h">
      <Filter>addons\ofxLibwebsockets\libs\openssl\include\openssl</Filter>
    </ClInclude>
    <ClInclude Include="..\..\..\..\..\Downloads\of_v0.10.1_vs2017_release\of_v0.10.1_vs2017_release\addons\ofxLibwebsockets\libs\openssl\include\openssl\pqueue.h">
      <Filter>addons\ofxLibwebsockets\libs\openssl\include\openssl</Filter>
    </ClInclude>
    <ClInclude Include="..\..\..\..\..\Downloads\of_v0.10.1_vs2017_release\of_v0.10.1_vs2017_release\addons\ofxLibwebsockets\libs\openssl\include\openssl\rand.h">
      <Filter>addons\ofxLibwebsockets\libs\openssl\include\openssl</Filter>
    </ClInclude>
    <ClInclude Include="..\..\..\..\..\Downloads\of_v0.10.1_vs2017_release\of_v0.10.1_vs2017_release\addons\ofxLibwebsockets\libs\openssl\include\openssl\rc2.h">
      <Filter>addons\ofxLibwebsockets\libs\openssl\include\openssl</Filter>
    </ClInclude>
    <ClInclude Include="..\..\..\..\..\Downloads\of_v0.10.1_vs2017_release\of_v0.10.1_vs2017_release\addons\ofxLibwebsockets\libs\openssl\include\openssl\rc4.h">
      <Filter>addons\ofxLibwebsockets\libs\openssl\include\openssl</Filter>
    </ClInclude>
    <ClInclude Include="..\..\..\..\..\Downloads\of_v0.10.1_vs2017_release\of_v0.10.1_vs2017_release\addons\ofxLibwebsockets\libs\openssl\include\openssl\ripemd.h">
      <Filter>addons\ofxLibwebsockets\libs\openssl\include\openssl</Filter>
    </ClInclude>
    <ClInclude Include="..\..\..\..\..\Downloads\of_v0.10.1_vs2017_release\of_v0.10.1_vs2017_release\addons\ofxLibwebsockets\libs\openssl\include\openssl\rsa.h">
      <Filter>addons\ofxLibwebsockets\libs\openssl\include\openssl</Filter>
    </ClInclude>
    <ClInclude Include="..\..\..\..\..\Downloads\of_v0.10.1_vs2017_release\of_v0.10.1_vs2017_release\addons\ofxLibwebsockets\libs\openssl\include\openssl\safestack.h">
      <Filter>addons\ofxLibwebsockets\libs\openssl\include\openssl</Filter>
    </ClInclude>
    <ClInclude Include="..\..\..\..\..\Downloads\of_v0.10.1_vs2017_release\of_v0.10.1_vs2017_release\addons\ofxLibwebsockets\libs\openssl\include\openssl\seed.h">
      <Filter>addons\ofxLibwebsockets\libs\openssl\include\openssl</Filter>
    </ClInclude>
    <ClInclude Include="..\..\..\..\..\Downloads\of_v0.10.1_vs2017_release\of_v0.10.1_vs2017_release\addons\ofxLibwebsockets\libs\openssl\include\openssl\sha.h">
      <Filter>addons\ofxLibwebsockets\libs\openssl\include\openssl</Filter>
    </ClInclude>
    <ClInclude Include="..\..\..\..\..\Downloads\of_v0.10.1_vs2017_release\of_v0.10.1_vs2017_release\addons\ofxLibwebsockets\libs\openssl\include\openssl\srp.h">
      <Filter>addons\ofxLibwebsockets\libs\openssl\include\openssl</Filter>
    </ClInclude>
    <ClInclude Include="..\..\..\..\..\Downloads\of_v0.10.1_vs2017_release\of_v0.10.1_vs2017_release\addons\ofxLibwebsockets\libs\openssl\include\openssl\srtp.h">
      <Filter>addons\ofxLibwebsockets\libs\openssl\include\openssl</Filter>
    </ClInclude>
    <ClInclude Include="..\..\..\..\..\Downloads\of_v0.10.1_vs2017_release\of_v0.10.1_vs2017_release\addons\ofxLibwebsockets\libs\openssl\include\openssl\ssl.h">
      <Filter>addons\ofxLibwebsockets\libs\openssl\include\openssl</Filter>
    </ClInclude>
    <ClInclude Include="..\..\..\..\..\Downloads\of_v0.10.1_vs2017_release\of_v0.10.1_vs2017_release\addons\ofxLibwebsockets\libs\openssl\include\openssl\ssl2.h">
      <Filter>addons\ofxLibwebsockets\libs\openssl\include\openssl</Filter>
    </ClInclude>
    <ClInclude Include="..\..\..\..\..\Downloads\of_v0.10.1_vs2017_release\of_v0.10.1_vs2017_release\addons\ofxLibwebsockets\libs\openssl\include\openssl\ssl23.h">
      <Filter>addons\ofxLibwebsockets\libs\openssl\include\openssl</Filter>
    </ClInclude>
    <ClInclude Include="..\..\..\..\..\Downloads\of_v0.10.1_vs2017_release\of_v0.10.1_vs2017_release\addons\ofxLibwebsockets\libs\openssl\include\openssl\ssl3.h">
      <Filter>addons\ofxLibwebsockets\libs\openssl\include\openssl</Filter>
    </ClInclude>
    <ClInclude Include="..\..\..\..\..\Downloads\of_v0.10.1_vs2017_release\of_v0.10.1_vs2017_release\addons\ofxLibwebsockets\libs\openssl\include\openssl\stack.h">
      <Filter>addons\ofxLibwebsockets\libs\openssl\include\openssl</Filter>
    </ClInclude>
    <ClInclude Include="..\..\..\..\..\Downloads\of_v0.10.1_vs2017_release\of_v0.10.1_vs2017_release\addons\ofxLibwebsockets\libs\openssl\include\openssl\symhacks.h">
      <Filter>addons\ofxLibwebsockets\libs\openssl\include\openssl</Filter>
    </ClInclude>
    <ClInclude Include="..\..\..\..\..\Downloads\of_v0.10.1_vs2017_release\of_v0.10.1_vs2017_release\addons\ofxLibwebsockets\libs\openssl\include\openssl\tls1.h">
      <Filter>addons\ofxLibwebsockets\libs\openssl\include\openssl</Filter>
    </ClInclude>
    <ClInclude Include="..\..\..\..\..\Downloads\of_v0.10.1_vs2017_release\of_v0.10.1_vs2017_release\addons\ofxLibwebsockets\libs\openssl\include\openssl\ts.h">
      <Filter>addons\ofxLibwebsockets\libs\openssl\include\openssl</Filter>
    </ClInclude>
    <ClInclude Include="..\..\..\..\..\Downloads\of_v0.10.1_vs2017_release\of_v0.10.1_vs2017_release\addons\ofxLibwebsockets\libs\openssl\include\openssl\txt_db.h">
      <Filter>addons\ofxLibwebsockets\libs\openssl\include\openssl</Filter>
    </ClInclude>
    <ClInclude Include="..\..\..\..\..\Downloads\of_v0.10.1_vs2017_release\of_v0.10.1_vs2017_release\addons\ofxLibwebsockets\libs\openssl\include\openssl\ui.h">
      <Filter>addons\ofxLibwebsockets\libs\openssl\include\openssl</Filter>
    </ClInclude>
    <ClInclude Include="..\..\..\..\..\Downloads\of_v0.10.1_vs2017_release\of_v0.10.1_vs2017_release\addons\ofxLibwebsockets\libs\openssl\include\openssl\ui_compat.h">
      <Filter>addons\ofxLibwebsockets\libs\openssl\include\openssl</Filter>
    </ClInclude>
    <ClInclude Include="..\..\..\..\..\Downloads\of_v0.10.1_vs2017_release\of_v0.10.1_vs2017_release\addons\ofxLibwebsockets\libs\openssl\include\openssl\whrlpool.h">
      <Filter>addons\ofxLibwebsockets\libs\openssl\include\openssl</Filter>
    </ClInclude>
    <ClInclude Include="..\..\..\..\..\Downloads\of_v0.10.1_vs2017_release\of_v0.10.1_vs2017_release\addons\ofxLibwebsockets\libs\openssl\include\openssl\x509.h">
      <Filter>addons\ofxLibwebsockets\libs\openssl\include\openssl</Filter>
    </ClInclude>
    <ClInclude Include="..\..\..\..\..\Downloads\of_v0.10.1_vs2017_release\of_v0.10.1_vs2017_release\addons\ofxLibwebsockets\libs\openssl\include\openssl\x509v3.h">
      <Filter>addons\ofxLibwebsockets\libs\openssl\include\openssl</Filter>
    </ClInclude>
    <ClInclude Include="..\..\..\..\..\Downloads\of_v0.10.1_vs2017_release\of_v0.10.1_vs2017_release\addons\ofxLibwebsockets\libs\openssl\include\openssl\x509_vfy.h">
      <Filter>addons\ofxLibwebsockets\libs\openssl\include\openssl</Filter>
    </ClInclude>
    <ClInclude Include="src\server\ConnectionConstants.h">
      <Filter>src\server</Filter>
    </ClInclude>
    <ClInclude Include="src\server\GameConnection.h">
      <Filter>src\server</Filter>
    </ClInclude>
    <ClInclude Include="src\server\GameConnectionManager.h">
      <Filter>src\server</Filter>
    </ClInclude>
    <ClInclude Include="src\client\ConnectionListener.h">
      <Filter>src\client</Filter>
    </ClInclude>
    <ClInclude Include="src\client\ofApp.h">
      <Filter>src\client</Filter>
    </ClInclude>
    <ClInclude Include="src\client\game\GameConstants.h">
      <Filter>src\client\game</Filter>
    </ClInclude>
    <ClInclude Include="src\client\game\GameManager.h">
      <Filter>src\client\game</Filter>
    </ClInclude>
    <ClInclude Include="src\client\game\BlackjackGame.h">
      <Filter>src\client\game</Filter>
    </ClInclude>
    <ClInclude Include="src\client\game\Deck.h">
      <Filter>src\client\game</Filter>
    </ClInclude>
    <ClInclude Include="src\client\game\Player.h">
      <Filter>src\client\game</Filter>
    </ClInclude>
    <ClInclude Include="src\client\game\Card.h">
      <Filter>src\client\game</Filter>
    </ClInclude>
    <ClInclude Include="src\client\game\utils\TimeUtils.h">
      <Filter>src\client\game\utils</Filter>
    </ClInclude>
    <ClInclude Include="src\server\utils\ConnectionUtils.h">
      <Filter>src\server\utils</Filter>
    </ClInclude>
    <ClInclude Include="src\client\comm\WsMessage.h">
      <Filter>src\client\comm</Filter>
    </ClInclude>
    <ClInclude Include="src\client\game\Dealer.h">
      <Filter>src\client\game</Filter>
    </ClInclude>
    <ClInclude Include="src\client\game\Strategy.h">
      <Filter>src\client\game</Filter>
    </ClInclude>
    <ClInclude Include="src\test\catch.hpp">
      <Filter>src\test</Filter>
    </ClInclude>
  </ItemGroup>
  <ItemGroup>
    <ResourceCompile Include="icon.rc" />
  </ItemGroup>
  <ItemGroup>
    <None Include="src\seasocks\src\ws_test_web\index.html">
      <Filter>src\server\frontend</Filter>
    </None>
    <None Include="src\seasocks\src\ws_test_web\app.js">
      <Filter>src\server\frontend</Filter>
    </None>
  </ItemGroup>
</Project>