<?xml version="1.0" encoding="utf-8"?>
<Project ToolsVersion="4.0" xmlns="http://schemas.microsoft.com/developer/msbuild/2003">
  <ItemGroup>
    <ClCompile Include="src\ofApp.cpp">
      <Filter>src</Filter>
    </ClCompile>
    <ClCompile Include="src\main.cpp">
      <Filter>src</Filter>
    </ClCompile>
    <ClCompile Include="src\server\GameConnection.cpp">
      <Filter>src\server</Filter>
    </ClCompile>
    <ClCompile Include="src\server\GameConnectionManager.cpp">
      <Filter>src\server</Filter>
    </ClCompile>
    <ClCompile Include="src\server\CppConnectionWrapper.cpp">
      <Filter>src\server</Filter>
    </ClCompile>
    <ClCompile Include="src\dataCopy.cpp">
      <Filter>src</Filter>
    </ClCompile>
  </ItemGroup>
  <ItemGroup>
    <Filter Include="src">
      <UniqueIdentifier>{d8376475-7454-4a24-b08a-aac121d3ad6f}</UniqueIdentifier>
    </Filter>
    <Filter Include="src\server">
      <UniqueIdentifier>{b8fd257b-f178-4dd8-970f-a3ce9fcd1c8d}</UniqueIdentifier>
    </Filter>
    <Filter Include="src\client">
      <UniqueIdentifier>{b1d0a1bb-d7a7-4f6a-a61e-70042923f65a}</UniqueIdentifier>
    </Filter>
  </ItemGroup>
  <ItemGroup>
    <ClInclude Include="src\ofApp.h">
      <Filter>src</Filter>
    </ClInclude>
    <ClInclude Include="src\server\GameConnectionManager.h">
      <Filter>src\server</Filter>
    </ClInclude>
    <ClInclude Include="src\server\ConnectionConstants.h">
      <Filter>src\server</Filter>
    </ClInclude>
    <ClInclude Include="src\server\GameConnection.h">
      <Filter>src\server</Filter>
    </ClInclude>
    <ClInclude Include="src\server\CppConnectionWrapper.h">
      <Filter>src\server</Filter>
    </ClInclude>
    <ClInclude Include="src\dataCopy.h">
      <Filter>src</Filter>
    </ClInclude>
  </ItemGroup>
  <ItemGroup>
    <ResourceCompile Include="icon.rc" />
  </ItemGroup>
  <ItemGroup>
    <None Include="addons.make" />
  </ItemGroup>
</Project>